{
    "_readme": [
        "This file locks the dependencies of your project to a known state",
        "Read more about it at https://getcomposer.org/doc/01-basic-usage.md#installing-dependencies",
        "This file is @generated automatically"
    ],
    "content-hash": "773a49f1d8baf11c18bf10688d56ab6e",
    "packages": [
        {
            "name": "fkooman/tpl",
            "version": "dev-master",
            "source": {
                "type": "git",
                "url": "https://git.tuxed.net/fkooman/php-tpl",
                "reference": "3183ad815e30baa8bc660c11af2c04d72ef57935"
            },
            "require": {
                "php": ">=5.4"
            },
            "require-dev": {
                "phpunit/phpunit": "^4.8.35|^5|^6|^7"
            },
            "type": "library",
            "autoload": {
                "psr-4": {
                    "fkooman\\Tpl\\": "src/"
                }
            },
            "autoload-dev": {
                "psr-4": {
                    "fkooman\\Tpl\\Tests\\": "tests/"
                }
            },
            "license": [
                "MIT"
            ],
            "authors": [
                {
                    "email": "fkooman@tuxed.net",
                    "name": "François Kooman"
                }
            ],
            "description": "Very simple native PHP template engine",
            "support": {
                "email": "fkooman@tuxed.net",
                "source": "https://git.tuxed.net/fkooman/php-tpl"
            },
            "time": "2019-04-01T16:31:15+00:00"
        },
        {
            "name": "michelf/php-markdown",
            "version": "1.8.0",
            "source": {
                "type": "git",
                "url": "https://github.com/michelf/php-markdown.git",
                "reference": "01ab082b355bf188d907b9929cd99b2923053495"
            },
            "dist": {
                "type": "zip",
                "url": "https://api.github.com/repos/michelf/php-markdown/zipball/01ab082b355bf188d907b9929cd99b2923053495",
                "reference": "01ab082b355bf188d907b9929cd99b2923053495",
                "shasum": ""
            },
            "require": {
                "php": ">=5.3.0"
            },
            "type": "library",
            "autoload": {
                "psr-4": {
                    "Michelf\\": "Michelf/"
                }
            },
            "notification-url": "https://packagist.org/downloads/",
            "license": [
                "BSD-3-Clause"
            ],
            "authors": [
                {
                    "name": "Michel Fortin",
                    "email": "michel.fortin@michelf.ca",
                    "homepage": "https://michelf.ca/",
                    "role": "Developer"
                },
                {
                    "name": "John Gruber",
                    "homepage": "https://daringfireball.net/"
                }
            ],
            "description": "PHP Markdown",
            "homepage": "https://michelf.ca/projects/php-markdown/",
            "keywords": [
                "markdown"
            ],
            "time": "2018-01-15T00:49:33+00:00"
        }
    ],
    "packages-dev": [],
    "aliases": [],
    "minimum-stability": "stable",
    "stability-flags": {
        "fkooman/tpl": 20
    },
    "prefer-stable": false,
    "prefer-lowest": false,
    "platform": [],
    "platform-dev": []
}
